
Microsoft Visual Studio Solution File, Format Version 12.00
# Visual Studio Version 16
VisualStudioVersion = 16.0.31911.196
MinimumVisualStudioVersion = 10.0.40219.1
Project("{FAE04EC0-301F-11D3-BF4B-00C04F79EFBC}") = "TestAdvancedTopics", "TestAdvancedTopics\TestAdvancedTopics.csproj", "{805410AB-3036-42FA-920F-59DE8B961484}"
EndProject
Global
	GlobalSection(SolutionConfigurationPlatforms) = preSolution
		Debug|Any CPU = Debug|Any CPU
		Release|Any CPU = Release|Any CPU
	EndGlobalSection
	GlobalSection(ProjectConfigurationPlatforms) = postSolution
		{805410AB-3036-42FA-920F-59DE8B961484}.Debug|Any CPU.ActiveCfg = Debug|Any CPU
		{805410AB-3036-42FA-920F-59DE8B961484}.Debug|Any CPU.Build.0 = Debug|Any CPU
		{805410AB-3036-42FA-920F-59DE8B961484}.Release|Any CPU.ActiveCfg = Release|Any CPU
		{805410AB-3036-42FA-920F-59DE8B961484}.Release|Any CPU.Build.0 = Release|Any CPU
	EndGlobalSection
	GlobalSection(SolutionProperties) = preSolution
		HideSolutionNode = FALSE
	EndGlobalSection
	GlobalSection(ExtensibilityGlobals) = postSolution
		SolutionGuid = {6E7C7D80-880E-4A73-8D0B-02BB79FFC112}
	EndGlobalSection
EndGlobal
